
Microsoft Visual Studio Solution File, Format Version 12.00
# Visual Studio Version 17
VisualStudioVersion = 17.14.37614.0
MinimumVisualStudioVersion = 10.0.40219.1
Project("{FAE04EC0-301F-11D3-BF4B-00C04F79EFBC}") = "26031007_Kimkihyeoun_0916Assignment", "26031007_Kimkihyeoun_0916Assignment.csproj", "{A2ED15FE-7BEE-406D-8577-2D2A00F166C3}"
EndProject
Global
	GlobalSection(SolutionConfigurationPlatforms) = preSolution
		Debug|Any CPU = Debug|Any CPU
		Release|Any CPU = Release|Any CPU
	EndGlobalSection
	GlobalSection(ProjectConfigurationPlatforms) = postSolution
		{A2ED15FE-7BEE-406D-8577-2D2A00F166C3}.Debug|Any CPU.ActiveCfg = Debug|Any CPU
		{A2ED15FE-7BEE-406D-8577-2D2A00F166C3}.Debug|Any CPU.Build.0 = Debug|Any CPU
		{A2ED15FE-7BEE-406D-8577-2D2A00F166C3}.Release|Any CPU.ActiveCfg = Release|Any CPU
		{A2ED15FE-7BEE-406D-8577-2D2A00F166C3}.Release|Any CPU.Build.0 = Release|Any CPU
	EndGlobalSection
	GlobalSection(SolutionProperties) = preSolution
		HideSolutionNode = FALSE
	EndGlobalSection
	GlobalSection(ExtensibilityGlobals) = postSolution
		SolutionGuid = {F093F539-8D33-4139-9001-411997959B68}
	EndGlobalSection
EndGlobal
